// !$*UTF8*$!
{
	archiveVersion = 1;
	classes = {
	};
	objectVersion = 46;
	objects = {

/* Begin PBXBuildFile section */
		97B04AD51F6A72D000942FDF /* main.m in Sources */ = {isa = PBXBuildFile; fileRef = 97B04AD41F6A72D000942FDF /* main.m */; };
		97B04AD81F6A72D000942FDF /* AppDelegate.m in Sources */ = {isa = PBXBuildFile; fileRef = 97B04AD71F6A72D000942FDF /* AppDelegate.m */; };
		97B04ADB1F6A72D000942FDF /* ViewController.m in Sources */ = {isa = PBXBuildFile; fileRef = 97B04ADA1F6A72D000942FDF /* ViewController.m */; };
		97B04ADE1F6A72D000942FDF /* Main.storyboard in Resources */ = {isa = PBXBuildFile; fileRef = 97B04ADC1F6A72D000942FDF /* Main.storyboard */; };
		97B04AE01F6A72D000942FDF /* Assets.xcassets in Resources */ = {isa = PBXBuildFile; fileRef = 97B04ADF1F6A72D000942FDF /* Assets.xcassets */; };
		97B04AE31F6A72D000942FDF /* LaunchScreen.storyboard in Resources */ = {isa = PBXBuildFile; fileRef = 97B04AE11F6A72D000942FDF /* LaunchScreen.storyboard */; };
		97B04AED1F6A72FB00942FDF /* ESTabBarController.m in Sources */ = {isa = PBXBuildFile; fileRef = 97B04AEC1F6A72FB00942FDF /* ESTabBarController.m */; };
/* End PBXBuildFile section */

/* Begin PBXFileReference section */
		97B04AD01F6A72D000942FDF /* ESTabBarController_objc.app */ = {isa = PBXFileReference; explicitFileType = wrapper.application; includeInIndex = 0; path = ESTabBarController_objc.app; sourceTree = BUILT_PRODUCTS_DIR; };
		97B04AD41F6A72D000942FDF /* main.m */ = {isa = PBXFileReference; lastKnownFileType = sourcecode.c.objc; path = main.m; sourceTree = "<group>"; };
		97B04AD61F6A72D000942FDF /* AppDelegate.h */ = {isa = PBXFileReference; lastKnownFileType = sourcecode.c.h; path = AppDelegate.h; sourceTree = "<group>"; };
		97B04AD71F6A72D000942FDF /* AppDelegate.m */ = {isa = PBXFileReference; lastKnownFileType = sourcecode.c.objc; path = AppDelegate.m; sourceTree = "<group>"; };
		97B04AD91F6A72D000942FDF /* ViewController.h */ = {isa = PBXFileReference; lastKnownFileType = sourcecode.c.h; path = ViewController.h; sourceTree = "<group>"; };
		97B04ADA1F6A72D000942FDF /* ViewController.m */ = {isa = PBXFileReference; lastKnownFileType = sourcecode.c.objc; path = ViewController.m; sourceTree = "<group>"; };
		97B04ADD1F6A72D000942FDF /* Base */ = {isa = PBXFileReference; lastKnownFileType = file.storyboard; name = Base; path = Base.lproj/Main.storyboard; sourceTree = "<group>"; };
		97B04ADF1F6A72D000942FDF /* Assets.xcassets */ = {isa = PBXFileReference; lastKnownFileType = folder.assetcatalog; path = Assets.xcassets; sourceTree = "<group>"; };
		97B04AE21F6A72D000942FDF /* Base */ = {isa = PBXFileReference; lastKnownFileType = file.storyboard; name = Base; path = Base.lproj/LaunchScreen.storyboard; sourceTree = "<group>"; };
		97B04AE41F6A72D000942FDF /* Info.plist */ = {isa = PBXFileReference; lastKnownFileType = text.plist.xml; path = Info.plist; sourceTree = "<group>"; };
		97B04AEB1F6A72FB00942FDF /* ESTabBarController.h */ = {isa = PBXFileReference; fileEncoding = 4; lastKnownFileType = sourcecode.c.h; path = ESTabBarController.h; sourceTree = "<group>"; };
		97B04AEC1F6A72FB00942FDF /* ESTabBarController.m */ = {isa = PBXFileReference; fileEncoding = 4; lastKnownFileType = sourcecode.c.objc; path = ESTabBarController.m; sourceTree = "<group>"; };
/* End PBXFileReference section */

/* Begin PBXFrameworksBuildPhase section */
		97B04ACD1F6A72D000942FDF /* Frameworks */ = {
			isa = PBXFrameworksBuildPhase;
			buildActionMask = 2147483647;
			files = (
			);
			runOnlyForDeploymentPostprocessing = 0;
		};
/* End PBXFrameworksBuildPhase section */

/* Begin PBXGroup section */
		97B04AC71F6A72D000942FDF = {
			isa = PBXGroup;
			children = (
				97B04AD21F6A72D000942FDF /* ESTabBarController_objc */,
				97B04AD11F6A72D000942FDF /* Products */,
			);
			sourceTree = "<group>";
		};
		97B04AD11F6A72D000942FDF /* Products */ = {
			isa = PBXGroup;
			children = (
				97B04AD01F6A72D000942FDF /* ESTabBarController_objc.app */,
			);
			name = Products;
			sourceTree = "<group>";
		};
		97B04AD21F6A72D000942FDF /* ESTabBarController_objc */ = {
			isa = PBXGroup;
			children = (
				97B04AEA1F6A72E300942FDF /* ESTabBarController_objc */,
				97B04AD61F6A72D000942FDF /* AppDelegate.h */,
				97B04AD71F6A72D000942FDF /* AppDelegate.m */,
				97B04AD91F6A72D000942FDF /* ViewController.h */,
				97B04ADA1F6A72D000942FDF /* ViewController.m */,
				97B04ADC1F6A72D000942FDF /* Main.storyboard */,
				97B04ADF1F6A72D000942FDF /* Assets.xcassets */,
				97B04AE11F6A72D000942FDF /* LaunchScreen.storyboard */,
				97B04AE41F6A72D000942FDF /* Info.plist */,
				97B04AD31F6A72D000942FDF /* Supporting Files */,
			);
			path = ESTabBarController_objc;
			sourceTree = "<group>";
		};
		97B04AD31F6A72D000942FDF /* Supporting Files */ = {
			isa = PBXGroup;
			children = (
				97B04AD41F6A72D000942FDF /* main.m */,
			);
			name = "Supporting Files";
			sourceTree = "<group>";
		};
		97B04AEA1F6A72E300942FDF /* ESTabBarController_objc */ = {
			isa = PBXGroup;
			children = (
				97B04AEB1F6A72FB00942FDF /* ESTabBarController.h */,
				97B04AEC1F6A72FB00942FDF /* ESTabBarController.m */,
			);
			path = ESTabBarController_objc;
			sourceTree = "<group>";
		};
/* End PBXGroup section */

/* Begin PBXNativeTarget section */
		97B04ACF1F6A72D000942FDF /* ESTabBarController_objc */ = {
			isa = PBXNativeTarget;
			buildConfigurationList = 97B04AE71F6A72D000942FDF /* Build configuration list for PBXNativeTarget "ESTabBarController_objc" */;
			buildPhases = (
				97B04ACC1F6A72D000942FDF /* Sources */,
				97B04ACD1F6A72D000942FDF /* Frameworks */,
				97B04ACE1F6A72D000942FDF /* Resources */,
			);
			buildRules = (
			);
			dependencies = (
			);
			name = ESTabBarController_objc;
			productName = ESTabBarController_objc;
			productReference = 97B04AD01F6A72D000942FDF /* ESTabBarController_objc.app */;
			productType = "com.apple.product-type.application";
		};
/* End PBXNativeTarget section */

/* Begin PBXProject section */
		97B04AC81F6A72D000942FDF /* Project object */ = {
			isa = PBXProject;
			attributes = {
				LastUpgradeCheck = 0900;
				ORGANIZATIONNAME = codeLocker;
				TargetAttributes = {
					97B04ACF1F6A72D000942FDF = {
						CreatedOnToolsVersion = 8.3.3;
						DevelopmentTeam = EGNU2YN2XY;
						ProvisioningStyle = Automatic;
					};
				};
			};
			buildConfigurationList = 97B04ACB1F6A72D000942FDF /* Build configuration list for PBXProject "ESTabBarController_objc" */;
			compatibilityVersion = "Xcode 3.2";
			developmentRegion = English;
			hasScannedForEncodings = 0;
			knownRegions = (
				en,
				Base,
			);
			mainGroup = 97B04AC71F6A72D000942FDF;
			productRefGroup = 97B04AD11F6A72D000942FDF /* Products */;
			projectDirPath = "";
			projectRoot = "";
			targets = (
				97B04ACF1F6A72D000942FDF /* ESTabBarController_objc */,
			);
		};
/* End PBXProject section */

/* Begin PBXResourcesBuildPhase section */
		97B04ACE1F6A72D000942FDF /* Resources */ = {
			isa = PBXResourcesBuildPhase;
			buildActionMask = 2147483647;
			files = (
				97B04AE31F6A72D000942FDF /* LaunchScreen.storyboard in Resources */,
				97B04AE01F6A72D000942FDF /* Assets.xcassets in Resources */,
				97B04ADE1F6A72D000942FDF /* Main.storyboard in Resources */,
			);
			runOnlyForDeploymentPostprocessing = 0;
		};
/* End PBXResourcesBuildPhase section */

/* Begin PBXSourcesBuildPhase section */
		97B04ACC1F6A72D000942FDF /* Sources */ = {
			isa = PBXSourcesBuildPhase;
			buildActionMask = 2147483647;
			files = (
				97B04ADB1F6A72D000942FDF /* ViewController.m in Sources */,
				97B04AD81F6A72D000942FDF /* AppDelegate.m in Sources */,
				97B04AD51F6A72D000942FDF /* main.m in Sources */,
				97B04AED1F6A72FB00942FDF /* ESTabBarController.m in Sources */,
			);
			runOnlyForDeploymentPostprocessing = 0;
		};
/* End PBXSourcesBuildPhase section */

/* Begin PBXVariantGroup section */
		97B04ADC1F6A72D000942FDF /* Main.storyboard */ = {
			isa = PBXVariantGroup;
			children = (
				97B04ADD1F6A72D000942FDF /* Base */,
			);
			name = Main.storyboard;
			sourceTree = "<group>";
		};
		97B04AE11F6A72D000942FDF /* LaunchScreen.storyboard */ = {
			isa = PBXVariantGroup;
			children = (
				97B04AE21F6A72D000942FDF /* Base */,
			);
			name = LaunchScreen.storyboard;
			sourceTree = "<group>";
		};
/* End PBXVariantGroup section */

/* Begin XCBuildConfiguration section */
		97B04AE51F6A72D000942FDF /* Debug */ = {
			isa = XCBuildConfiguration;
			buildSettings = {
				ALWAYS_SEARCH_USER_PATHS = NO;
				CLANG_ANALYZER_NONNULL = YES;
				CLANG_ANALYZER_NUMBER_OBJECT_CONVERSION = YES_AGGRESSIVE;
				CLANG_CXX_LANGUAGE_STANDARD = "gnu++0x";
				CLANG_CXX_LIBRARY = "libc++";
				CLANG_ENABLE_MODULES = YES;
				CLANG_ENABLE_OBJC_ARC = YES;
				CLANG_WARN_BLOCK_CAPTURE_AUTORELEASING = YES;
				CLANG_WARN_BOOL_CONVERSION = YES;
				CLANG_WARN_COMMA = YES;
				CLANG_WARN_CONSTANT_CONVERSION = YES;
				CLANG_WARN_DIRECT_OBJC_ISA_USAGE = YES_ERROR;
				CLANG_WARN_DOCUMENTATION_COMMENTS = YES;
				CLANG_WARN_EMPTY_BODY = YES;
				CLANG_WARN_ENUM_CONVERSION = YES;
				CLANG_WARN_INFINITE_RECURSION = YES;
				CLANG_WARN_INT_CONVERSION = YES;
				CLANG_WARN_NON_LITERAL_NULL_CONVERSION = YES;
				CLANG_WARN_OBJC_LITERAL_CONVERSION = YES;
				CLANG_WARN_OBJC_ROOT_CLASS = YES_ERROR;
				CLANG_WARN_RANGE_LOOP_ANALYSIS = YES;
				CLANG_WARN_STRICT_PROTOTYPES = YES;
				CLANG_WARN_SUSPICIOUS_MOVE = YES;
				CLANG_WARN_UNREACHABLE_CODE = YES;
				CLANG_WARN__DUPLICATE_METHOD_MATCH = YES;
				"CODE_SIGN_IDENTITY[sdk=iphoneos*]" = "iPhone Developer";
				COPY_PHASE_STRIP = NO;
				DEBUG_INFORMATION_FORMAT = dwarf;
				ENABLE_STRICT_OBJC_MSGSEND = YES;
				ENABLE_TESTABILITY = YES;
				GCC_C_LANGUAGE_STANDARD = gnu99;
				GCC_DYNAMIC_NO_PIC = NO;
				GCC_NO_COMMON_BLOCKS = YES;
				GCC_OPTIMIZATION_LEVEL = 0;
				GCC_PREPROCESSOR_DEFINITIONS = (
					"DEBUG=1",
					"$(inherited)",
				);
				GCC_WARN_64_TO_32_BIT_CONVERSION = YES;
				GCC_WARN_ABOUT_RETURN_TYPE = YES_ERROR;
				GCC_WARN_UNDECLARED_SELECTOR = YES;
				GCC_WARN_UNINITIALIZED_AUTOS = YES_AGGRESSIVE;
				GCC_WARN_UNUSED_FUNCTION = YES;
				GCC_WARN_UNUSED_VARIABLE = YES;
				IPHONEOS_DEPLOYMENT_TARGET = 10.3;
				MTL_ENABLE_DEBUG_INFO = YES;
				ONLY_ACTIVE_ARCH = YES;
				SDKROOT = iphoneos;
				TARGETED_DEVICE_FAMILY = "1,2";
			};
			name = Debug;
		};
		97B04AE61F6A72D000942FDF /* Release */ = {
			isa = XCBuildConfiguration;
			buildSettings = {
				ALWAYS_SEARCH_USER_PATHS = NO;
				CLANG_ANALYZER_NONNULL = YES;
				CLANG_ANALYZER_NUMBER_OBJECT_CONVERSION = YES_AGGRESSIVE;
				CLANG_CXX_LANGUAGE_STANDARD = "gnu++0x";
				CLANG_CXX_LIBRARY = "libc++";
				CLANG_ENABLE_MODULES = YES;
				CLANG_ENABLE_OBJC_ARC = YES;
				CLANG_WARN_BLOCK_CAPTURE_AUTORELEASING = YES;
				CLANG_WARN_BOOL_CONVERSION = YES;
				CLANG_WARN_COMMA = YES;
				CLANG_WARN_CONSTANT_CONVERSION = YES;
				CLANG_WARN_DIRECT_OBJC_ISA_USAGE = YES_ERROR;
				CLANG_WARN_DOCUMENTATION_COMMENTS = YES;
				CLANG_WARN_EMPTY_BODY = YES;
				CLANG_WARN_ENUM_CONVERSION = YES;
				CLANG_WARN_INFINITE_RECURSION = YES;
				CLANG_WARN_INT_CONVERSION = YES;
				CLANG_WARN_NON_LITERAL_NULL_CONVERSION = YES;
				CLANG_WARN_OBJC_LITERAL_CONVERSION = YES;
				CLANG_WARN_OBJC_ROOT_CLASS = YES_ERROR;
				CLANG_WARN_RANGE_LOOP_ANALYSIS = YES;
				CLANG_WARN_STRICT_PROTOTYPES = YES;
				CLANG_WARN_SUSPICIOUS_MOVE = YES;
				CLANG_WARN_UNREACHABLE_CODE = YES;
				CLANG_WARN__DUPLICATE_METHOD_MATCH = YES;
				"CODE_SIGN_IDENTITY[sdk=iphoneos*]" = "iPhone Developer";
				COPY_PHASE_STRIP = NO;
				DEBUG_INFORMATION_FORMAT = "dwarf-with-dsym";
				ENABLE_NS_ASSERTIONS = NO;
				ENABLE_STRICT_OBJC_MSGSEND = YES;
				GCC_C_LANGUAGE_STANDARD = gnu99;
				GCC_NO_COMMON_BLOCKS = YES;
				GCC_WARN_64_TO_32_BIT_CONVERSION = YES;
				GCC_WARN_ABOUT_RETURN_TYPE = YES_ERROR;
				GCC_WARN_UNDECLARED_SELECTOR = YES;
				GCC_WARN_UNINITIALIZED_AUTOS = YES_AGGRESSIVE;
				GCC_WARN_UNUSED_FUNCTION = YES;
				GCC_WARN_UNUSED_VARIABLE = YES;
				IPHONEOS_DEPLOYMENT_TARGET = 10.3;
				MTL_ENABLE_DEBUG_INFO = NO;
				SDKROOT = iphoneos;
				TARGETED_DEVICE_FAMILY = "1,2";
				VALIDATE_PRODUCT = YES;
			};
			name = Release;
		};
		97B04AE81F6A72D000942FDF /* Debug */ = {
			isa = XCBuildConfiguration;
			buildSettings = {
				ASSETCATALOG_COMPILER_APPICON_NAME = AppIcon;
				DEVELOPMENT_TEAM = EGNU2YN2XY;
				INFOPLIST_FILE = ESTabBarController_objc/Info.plist;
				LD_RUNPATH_SEARCH_PATHS = "$(inherited) @executable_path/Frameworks";
				PRODUCT_BUNDLE_IDENTIFIER = "codeLocker.ESTabBarController-objc";
				PRODUCT_NAME = "$(TARGET_NAME)";
			};
			name = Debug;
		};
		97B04AE91F6A72D000942FDF /* Release */ = {
			isa = XCBuildConfiguration;
			buildSettings = {
				ASSETCATALOG_COMPILER_APPICON_NAME = AppIcon;
				DEVELOPMENT_TEAM = EGNU2YN2XY;
				INFOPLIST_FILE = ESTabBarController_objc/Info.plist;
				LD_RUNPATH_SEARCH_PATHS = "$(inherited) @executable_path/Frameworks";
				PRODUCT_BUNDLE_IDENTIFIER = "codeLocker.ESTabBarController-objc";
				PRODUCT_NAME = "$(TARGET_NAME)";
			};
			name = Release;
		};
/* End XCBuildConfiguration section */

/* Begin XCConfigurationList section */
		97B04ACB1F6A72D000942FDF /* Build configuration list for PBXProject "ESTabBarController_objc" */ = {
			isa = XCConfigurationList;
			buildConfigurations = (
				97B04AE51F6A72D000942FDF /* Debug */,
				97B04AE61F6A72D000942FDF /* Release */,
			);
			defaultConfigurationIsVisible = 0;
			defaultConfigurationName = Release;
		};
		97B04AE71F6A72D000942FDF /* Build configuration list for PBXNativeTarget "ESTabBarController_objc" */ = {
			isa = XCConfigurationList;
			buildConfigurations = (
				97B04AE81F6A72D000942FDF /* Debug */,
				97B04AE91F6A72D000942FDF /* Release */,
			);
			defaultConfigurationIsVisible = 0;
			defaultConfigurationName = Release;
		};
/* End XCConfigurationList section */
	};
	rootObject = 97B04AC81F6A72D000942FDF /* Project object */;
}
